
Microsoft Visual Studio Solution File, Format Version 12.00
# Visual Studio 14
VisualStudioVersion = 14.0.25420.1
MinimumVisualStudioVersion = 10.0.40219.1
Project("{FAE04EC0-301F-11D3-BF4B-00C04F79EFBC}") = "martinhromek", "martinhromek.csproj", "{6EFB5AEF-661A-49EC-B996-506FA1F07D13}"
EndProject
Project("{FAE04EC0-301F-11D3-BF4B-00C04F79EFBC}") = "BaseLibrary", "..\BaseLibrary\BaseLibrary.csproj", "{BEA0B90D-D8AB-405F-8FDB-6C2B3E1E88AD}"
EndProject
Global
	GlobalSection(SolutionConfigurationPlatforms) = preSolution
		Debug|Any CPU = Debug|Any CPU
		Release|Any CPU = Release|Any CPU
	EndGlobalSection
	GlobalSection(ProjectConfigurationPlatforms) = postSolution
		{6EFB5AEF-661A-49EC-B996-506FA1F07D13}.Debug|Any CPU.ActiveCfg = Debug|Any CPU
		{6EFB5AEF-661A-49EC-B996-506FA1F07D13}.Debug|Any CPU.Build.0 = Debug|Any CPU
		{6EFB5AEF-661A-49EC-B996-506FA1F07D13}.Release|Any CPU.ActiveCfg = Release|Any CPU
		{6EFB5AEF-661A-49EC-B996-506FA1F07D13}.Release|Any CPU.Build.0 = Release|Any CPU
		{BEA0B90D-D8AB-405F-8FDB-6C2B3E1E88AD}.Debug|Any CPU.ActiveCfg = Debug|Any CPU
		{BEA0B90D-D8AB-405F-8FDB-6C2B3E1E88AD}.Debug|Any CPU.Build.0 = Debug|Any CPU
		{BEA0B90D-D8AB-405F-8FDB-6C2B3E1E88AD}.Release|Any CPU.ActiveCfg = Release|Any CPU
		{BEA0B90D-D8AB-405F-8FDB-6C2B3E1E88AD}.Release|Any CPU.Build.0 = Release|Any CPU
	EndGlobalSection
	GlobalSection(SolutionProperties) = preSolution
		HideSolutionNode = FALSE
	EndGlobalSection
EndGlobal
